
Microsoft Visual Studio Solution File, Format Version 12.00
# Visual Studio Version 16
VisualStudioVersion = 25.0.1706.3
MinimumVisualStudioVersion = 10.0.40219.1
Project("{FAE04EC0-301F-11D3-BF4B-00C04F79EFBC}") = "CodePulse.API", "CodePulse.API\CodePulse.API.csproj", "{66A5BDB2-DFAB-4297-AA14-AC413A7243CC}"
EndProject
Global
	GlobalSection(SolutionConfigurationPlatforms) = preSolution
		Debug|Any CPU = Debug|Any CPU
		Release|Any CPU = Release|Any CPU
	EndGlobalSection
	GlobalSection(ProjectConfigurationPlatforms) = postSolution
		{66A5BDB2-DFAB-4297-AA14-AC413A7243CC}.Debug|Any CPU.ActiveCfg = Debug|Any CPU
		{66A5BDB2-DFAB-4297-AA14-AC413A7243CC}.Debug|Any CPU.Build.0 = Debug|Any CPU
		{66A5BDB2-DFAB-4297-AA14-AC413A7243CC}.Release|Any CPU.ActiveCfg = Release|Any CPU
		{66A5BDB2-DFAB-4297-AA14-AC413A7243CC}.Release|Any CPU.Build.0 = Release|Any CPU
	EndGlobalSection
	GlobalSection(SolutionProperties) = preSolution
		HideSolutionNode = FALSE
	EndGlobalSection
	GlobalSection(ExtensibilityGlobals) = postSolution
		SolutionGuid = {203AD25A-19B1-4D42-BA78-E0A819BA84DD}
	EndGlobalSection
EndGlobal
